Microsoft Visual Studio Solution File, Format Version 12.00
# Visual Studio Version 17
VisualStudioVersion = 17.0.31611.283
MinimumVisualStudioVersion = 10.0.40219.1
Project("{9A19103F-16F7-4668-BE54-9A1E7A4F7556}") = "Gest.Core", "Gest.Core\Gest.Core.csproj", "{4ABACC9F-50D6-452A-B90E-28A414276545}"
EndProject
Project("{9A19103F-16F7-4668-BE54-9A1E7A4F7556}") = "Gest.SqliteMigration", "Gest.SqliteMigration\Gest.SqliteMigration.csproj", "{079A2807-9DF2-4022-8F1F-9597E3B21DC2}"
EndProject
Project("{9A19103F-16F7-4668-BE54-9A1E7A4F7556}") = "Gest.UI", "Gest.UI\Gest.UI.csproj", "{6C23007A-6801-4965-AD7E-6EBBF335D7AA}"
EndProject
Project("{2150E333-8FDC-42A3-9474-1A3956D46DE8}") = "Tailwind", "Tailwind", "{F560C969-79F0-4FBE-A0CC-48A96E183698}"
	ProjectSection(SolutionItems) = preProject
		package-lock.json = package-lock.json
		package.json = package.json
		styles.css = styles.css
		tailwind.config.js = tailwind.config.js
	EndProjectSection
EndProject
Project("{9A19103F-16F7-4668-BE54-9A1E7A4F7556}") = "Gest.Web", "Gest.Web\Gest.Web.csproj", "{77BEDEC3-57FF-41F7-AEA4-D6FB67A7B739}"
EndProject
Project("{9A19103F-16F7-4668-BE54-9A1E7A4F7556}") = "Gest.Win", "Gest.Win\Gest.Win.csproj", "{06FF46A0-5D4E-46C2-A4F2-ED00AD4399B1}"
EndProject
Project("{9A19103F-16F7-4668-BE54-9A1E7A4F7556}") = "Gest.SqlServerMigration", "Gest.SqlServerMigration\Gest.SqlServerMigration.csproj", "{A76B987F-3DC6-4D2B-A43E-3B51018B53DA}"
EndProject
Project("{9A19103F-16F7-4668-BE54-9A1E7A4F7556}") = "Gest.Maui", "Gest.Maui\Gest.Maui.csproj", "{FCB55D3F-9D89-41FE-A6A0-27AD92B18B0A}"
EndProject
Project("{FAE04EC0-301F-11D3-BF4B-00C04F79EFBC}") = "Sentry.Maui", "Sentry.Maui\Sentry.Maui.csproj", "{B723CE0F-7928-4161-83E1-4E8DB4ACE49C}"
EndProject
Global
	GlobalSection(SolutionConfigurationPlatforms) = preSolution
		Debug|Any CPU = Debug|Any CPU
		Release|Any CPU = Release|Any CPU
	EndGlobalSection
	GlobalSection(ProjectConfigurationPlatforms) = postSolution
		{4ABACC9F-50D6-452A-B90E-28A414276545}.Debug|Any CPU.ActiveCfg = Debug|Any CPU
		{4ABACC9F-50D6-452A-B90E-28A414276545}.Debug|Any CPU.Build.0 = Debug|Any CPU
		{4ABACC9F-50D6-452A-B90E-28A414276545}.Release|Any CPU.ActiveCfg = Release|Any CPU
		{4ABACC9F-50D6-452A-B90E-28A414276545}.Release|Any CPU.Build.0 = Release|Any CPU
		{079A2807-9DF2-4022-8F1F-9597E3B21DC2}.Debug|Any CPU.ActiveCfg = Debug|Any CPU
		{079A2807-9DF2-4022-8F1F-9597E3B21DC2}.Debug|Any CPU.Build.0 = Debug|Any CPU
		{079A2807-9DF2-4022-8F1F-9597E3B21DC2}.Release|Any CPU.ActiveCfg = Release|Any CPU
		{079A2807-9DF2-4022-8F1F-9597E3B21DC2}.Release|Any CPU.Build.0 = Release|Any CPU
		{6C23007A-6801-4965-AD7E-6EBBF335D7AA}.Debug|Any CPU.ActiveCfg = Debug|Any CPU
		{6C23007A-6801-4965-AD7E-6EBBF335D7AA}.Debug|Any CPU.Build.0 = Debug|Any CPU
		{6C23007A-6801-4965-AD7E-6EBBF335D7AA}.Release|Any CPU.ActiveCfg = Release|Any CPU
		{6C23007A-6801-4965-AD7E-6EBBF335D7AA}.Release|Any CPU.Build.0 = Release|Any CPU
		{77BEDEC3-57FF-41F7-AEA4-D6FB67A7B739}.Debug|Any CPU.ActiveCfg = Debug|Any CPU
		{77BEDEC3-57FF-41F7-AEA4-D6FB67A7B739}.Debug|Any CPU.Build.0 = Debug|Any CPU
		{77BEDEC3-57FF-41F7-AEA4-D6FB67A7B739}.Release|Any CPU.ActiveCfg = Release|Any CPU
		{77BEDEC3-57FF-41F7-AEA4-D6FB67A7B739}.Release|Any CPU.Build.0 = Release|Any CPU
		{06FF46A0-5D4E-46C2-A4F2-ED00AD4399B1}.Debug|Any CPU.ActiveCfg = Debug|Any CPU
		{06FF46A0-5D4E-46C2-A4F2-ED00AD4399B1}.Debug|Any CPU.Build.0 = Debug|Any CPU
		{06FF46A0-5D4E-46C2-A4F2-ED00AD4399B1}.Release|Any CPU.ActiveCfg = Release|Any CPU
		{06FF46A0-5D4E-46C2-A4F2-ED00AD4399B1}.Release|Any CPU.Build.0 = Release|Any CPU
		{A76B987F-3DC6-4D2B-A43E-3B51018B53DA}.Debug|Any CPU.ActiveCfg = Debug|Any CPU
		{A76B987F-3DC6-4D2B-A43E-3B51018B53DA}.Debug|Any CPU.Build.0 = Debug|Any CPU
		{A76B987F-3DC6-4D2B-A43E-3B51018B53DA}.Release|Any CPU.ActiveCfg = Release|Any CPU
		{A76B987F-3DC6-4D2B-A43E-3B51018B53DA}.Release|Any CPU.Build.0 = Release|Any CPU
		{FCB55D3F-9D89-41FE-A6A0-27AD92B18B0A}.Debug|Any CPU.ActiveCfg = Debug|Any CPU
		{FCB55D3F-9D89-41FE-A6A0-27AD92B18B0A}.Debug|Any CPU.Build.0 = Debug|Any CPU
		{FCB55D3F-9D89-41FE-A6A0-27AD92B18B0A}.Debug|Any CPU.Deploy.0 = Debug|Any CPU
		{FCB55D3F-9D89-41FE-A6A0-27AD92B18B0A}.Release|Any CPU.ActiveCfg = Release|Any CPU
		{FCB55D3F-9D89-41FE-A6A0-27AD92B18B0A}.Release|Any CPU.Build.0 = Release|Any CPU
		{FCB55D3F-9D89-41FE-A6A0-27AD92B18B0A}.Release|Any CPU.Deploy.0 = Release|Any CPU
		{B723CE0F-7928-4161-83E1-4E8DB4ACE49C}.Debug|Any CPU.ActiveCfg = Debug|Any CPU
		{B723CE0F-7928-4161-83E1-4E8DB4ACE49C}.Debug|Any CPU.Build.0 = Debug|Any CPU
		{B723CE0F-7928-4161-83E1-4E8DB4ACE49C}.Release|Any CPU.ActiveCfg = Release|Any CPU
		{B723CE0F-7928-4161-83E1-4E8DB4ACE49C}.Release|Any CPU.Build.0 = Release|Any CPU
	EndGlobalSection
	GlobalSection(SolutionProperties) = preSolution
		HideSolutionNode = FALSE
	EndGlobalSection
	GlobalSection(ExtensibilityGlobals) = postSolution
		SolutionGuid = {61F7FB11-1E47-470C-91E2-47F8143E1572}
	EndGlobalSection
EndGlobal
