Microsoft Visual Studio Solution File, Format Version 12.00
# Visual Studio Version 17
VisualStudioVersion = 17.0.31611.283
MinimumVisualStudioVersion = 10.0.40219.1
Project("{9A19103F-16F7-4668-BE54-9A1E7A4F7556}") = "Gest", "Gest\Gest.csproj", "{F153888F-C4F4-47CC-A761-07C70454EA96}"
EndProject
Project("{9A19103F-16F7-4668-BE54-9A1E7A4F7556}") = "Gest.Core", "Gest.Core\Gest.Core.csproj", "{FDD11785-AEA6-403B-BF17-41B702E6D5B9}"
EndProject
Project("{9A19103F-16F7-4668-BE54-9A1E7A4F7556}") = "Gest.UI", "Gest.UI\Gest.UI.csproj", "{4E524DA0-0A88-44B8-BA60-76E833D30917}"
EndProject
Project("{2150E333-8FDC-42A3-9474-1A3956D46DE8}") = "Tailwind", "Tailwind", "{A2D909AA-D3BE-4926-B78A-D0C0A0742485}"
	ProjectSection(SolutionItems) = preProject
		package.json = package.json
		styles.css = styles.css
		tailwind.config.js = tailwind.config.js
	EndProjectSection
EndProject
Project("{9A19103F-16F7-4668-BE54-9A1E7A4F7556}") = "Gest.Web", "Gest.Web\Gest.Web.csproj", "{BD8EB886-1DF3-441C-93E4-E8882A59257D}"
EndProject
Global
	GlobalSection(SolutionConfigurationPlatforms) = preSolution
		Debug|Any CPU = Debug|Any CPU
		Release|Any CPU = Release|Any CPU
	EndGlobalSection
	GlobalSection(ProjectConfigurationPlatforms) = postSolution
		{F153888F-C4F4-47CC-A761-07C70454EA96}.Debug|Any CPU.ActiveCfg = Debug|Any CPU
		{F153888F-C4F4-47CC-A761-07C70454EA96}.Debug|Any CPU.Build.0 = Debug|Any CPU
		{F153888F-C4F4-47CC-A761-07C70454EA96}.Debug|Any CPU.Deploy.0 = Debug|Any CPU
		{F153888F-C4F4-47CC-A761-07C70454EA96}.Release|Any CPU.ActiveCfg = Release|Any CPU
		{F153888F-C4F4-47CC-A761-07C70454EA96}.Release|Any CPU.Build.0 = Release|Any CPU
		{F153888F-C4F4-47CC-A761-07C70454EA96}.Release|Any CPU.Deploy.0 = Release|Any CPU
		{FDD11785-AEA6-403B-BF17-41B702E6D5B9}.Debug|Any CPU.ActiveCfg = Debug|Any CPU
		{FDD11785-AEA6-403B-BF17-41B702E6D5B9}.Debug|Any CPU.Build.0 = Debug|Any CPU
		{FDD11785-AEA6-403B-BF17-41B702E6D5B9}.Release|Any CPU.ActiveCfg = Release|Any CPU
		{FDD11785-AEA6-403B-BF17-41B702E6D5B9}.Release|Any CPU.Build.0 = Release|Any CPU
		{4E524DA0-0A88-44B8-BA60-76E833D30917}.Debug|Any CPU.ActiveCfg = Debug|Any CPU
		{4E524DA0-0A88-44B8-BA60-76E833D30917}.Debug|Any CPU.Build.0 = Debug|Any CPU
		{4E524DA0-0A88-44B8-BA60-76E833D30917}.Release|Any CPU.ActiveCfg = Release|Any CPU
		{4E524DA0-0A88-44B8-BA60-76E833D30917}.Release|Any CPU.Build.0 = Release|Any CPU
		{BD8EB886-1DF3-441C-93E4-E8882A59257D}.Debug|Any CPU.ActiveCfg = Debug|Any CPU
		{BD8EB886-1DF3-441C-93E4-E8882A59257D}.Debug|Any CPU.Build.0 = Debug|Any CPU
		{BD8EB886-1DF3-441C-93E4-E8882A59257D}.Release|Any CPU.ActiveCfg = Release|Any CPU
		{BD8EB886-1DF3-441C-93E4-E8882A59257D}.Release|Any CPU.Build.0 = Release|Any CPU
	EndGlobalSection
	GlobalSection(SolutionProperties) = preSolution
		HideSolutionNode = FALSE
	EndGlobalSection
	GlobalSection(ExtensibilityGlobals) = postSolution
		SolutionGuid = {61F7FB11-1E47-470C-91E2-47F8143E1572}
	EndGlobalSection
EndGlobal
